
Microsoft Visual Studio Solution File, Format Version 12.00
# Visual Studio 2013
VisualStudioVersion = 12.0.31101.0
MinimumVisualStudioVersion = 10.0.40219.1
Project("{FAE04EC0-301F-11D3-BF4B-00C04F79EFBC}") = "ControlHeight", "ControlHeight\ControlHeight\ControlHeight.csproj", "{AB8C703F-98D1-433F-86F2-F14F784D18F6}"
EndProject
Project("{FAE04EC0-301F-11D3-BF4B-00C04F79EFBC}") = "ControlHeight.iOS", "ControlHeight\ControlHeight.iOS\ControlHeight.iOS.csproj", "{F7276DEC-1EEA-4C1C-9959-FE351DA56633}"
EndProject
Project("{FAE04EC0-301F-11D3-BF4B-00C04F79EFBC}") = "ControlHeight.Droid", "ControlHeight\ControlHeight.Droid\ControlHeight.Droid.csproj", "{722915A0-D1BC-4690-804D-EBF8F14E9E24}"
EndProject
Project("{FAE04EC0-301F-11D3-BF4B-00C04F79EFBC}") = "ControlHeight.WinPhone", "ControlHeight\ControlHeight.WinPhone\ControlHeight.WinPhone.csproj", "{2D6ECE8A-2611-44B0-960D-A6335A2D106D}"
EndProject
Global
	GlobalSection(SolutionConfigurationPlatforms) = preSolution
		Ad-Hoc|Any CPU = Ad-Hoc|Any CPU
		Ad-Hoc|ARM = Ad-Hoc|ARM
		Ad-Hoc|iPhone = Ad-Hoc|iPhone
		Ad-Hoc|iPhoneSimulator = Ad-Hoc|iPhoneSimulator
		Ad-Hoc|Mixed Platforms = Ad-Hoc|Mixed Platforms
		Ad-Hoc|x86 = Ad-Hoc|x86
		AppStore|Any CPU = AppStore|Any CPU
		AppStore|ARM = AppStore|ARM
		AppStore|iPhone = AppStore|iPhone
		AppStore|iPhoneSimulator = AppStore|iPhoneSimulator
		AppStore|Mixed Platforms = AppStore|Mixed Platforms
		AppStore|x86 = AppStore|x86
		Debug|Any CPU = Debug|Any CPU
		Debug|ARM = Debug|ARM
		Debug|iPhone = Debug|iPhone
		Debug|iPhoneSimulator = Debug|iPhoneSimulator
		Debug|Mixed Platforms = Debug|Mixed Platforms
		Debug|x86 = Debug|x86
		Release|Any CPU = Release|Any CPU
		Release|ARM = Release|ARM
		Release|iPhone = Release|iPhone
		Release|iPhoneSimulator = Release|iPhoneSimulator
		Release|Mixed Platforms = Release|Mixed Platforms
		Release|x86 = Release|x86
	EndGlobalSection
	GlobalSection(ProjectConfigurationPlatforms) = postSolution
		{AB8C703F-98D1-433F-86F2-F14F784D18F6}.Ad-Hoc|Any CPU.ActiveCfg = Release|Any CPU
		{AB8C703F-98D1-433F-86F2-F14F784D18F6}.Ad-Hoc|Any CPU.Build.0 = Release|Any CPU
		{AB8C703F-98D1-433F-86F2-F14F784D18F6}.Ad-Hoc|ARM.ActiveCfg = Release|Any CPU
		{AB8C703F-98D1-433F-86F2-F14F784D18F6}.Ad-Hoc|iPhone.ActiveCfg = Release|Any CPU
		{AB8C703F-98D1-433F-86F2-F14F784D18F6}.Ad-Hoc|iPhoneSimulator.ActiveCfg = Release|Any CPU
		{AB8C703F-98D1-433F-86F2-F14F784D18F6}.Ad-Hoc|Mixed Platforms.ActiveCfg = Release|Any CPU
		{AB8C703F-98D1-433F-86F2-F14F784D18F6}.Ad-Hoc|Mixed Platforms.Build.0 = Release|Any CPU
		{AB8C703F-98D1-433F-86F2-F14F784D18F6}.Ad-Hoc|x86.ActiveCfg = Release|Any CPU
		{AB8C703F-98D1-433F-86F2-F14F784D18F6}.AppStore|Any CPU.ActiveCfg = Release|Any CPU
		{AB8C703F-98D1-433F-86F2-F14F784D18F6}.AppStore|Any CPU.Build.0 = Release|Any CPU
		{AB8C703F-98D1-433F-86F2-F14F784D18F6}.AppStore|ARM.ActiveCfg = Release|Any CPU
		{AB8C703F-98D1-433F-86F2-F14F784D18F6}.AppStore|iPhone.ActiveCfg = Release|Any CPU
		{AB8C703F-98D1-433F-86F2-F14F784D18F6}.AppStore|iPhoneSimulator.ActiveCfg = Release|Any CPU
		{AB8C703F-98D1-433F-86F2-F14F784D18F6}.AppStore|Mixed Platforms.ActiveCfg = Release|Any CPU
		{AB8C703F-98D1-433F-86F2-F14F784D18F6}.AppStore|Mixed Platforms.Build.0 = Release|Any CPU
		{AB8C703F-98D1-433F-86F2-F14F784D18F6}.AppStore|x86.ActiveCfg = Release|Any CPU
		{AB8C703F-98D1-433F-86F2-F14F784D18F6}.Debug|Any CPU.ActiveCfg = Debug|Any CPU
		{AB8C703F-98D1-433F-86F2-F14F784D18F6}.Debug|Any CPU.Build.0 = Debug|Any CPU
		{AB8C703F-98D1-433F-86F2-F14F784D18F6}.Debug|ARM.ActiveCfg = Debug|Any CPU
		{AB8C703F-98D1-433F-86F2-F14F784D18F6}.Debug|iPhone.ActiveCfg = Debug|Any CPU
		{AB8C703F-98D1-433F-86F2-F14F784D18F6}.Debug|iPhoneSimulator.ActiveCfg = Debug|Any CPU
		{AB8C703F-98D1-433F-86F2-F14F784D18F6}.Debug|Mixed Platforms.ActiveCfg = Debug|Any CPU
		{AB8C703F-98D1-433F-86F2-F14F784D18F6}.Debug|Mixed Platforms.Build.0 = Debug|Any CPU
		{AB8C703F-98D1-433F-86F2-F14F784D18F6}.Debug|x86.ActiveCfg = Debug|Any CPU
		{AB8C703F-98D1-433F-86F2-F14F784D18F6}.Release|Any CPU.ActiveCfg = Release|Any CPU
		{AB8C703F-98D1-433F-86F2-F14F784D18F6}.Release|Any CPU.Build.0 = Release|Any CPU
		{AB8C703F-98D1-433F-86F2-F14F784D18F6}.Release|ARM.ActiveCfg = Release|Any CPU
		{AB8C703F-98D1-433F-86F2-F14F784D18F6}.Release|iPhone.ActiveCfg = Release|Any CPU
		{AB8C703F-98D1-433F-86F2-F14F784D18F6}.Release|iPhoneSimulator.ActiveCfg = Release|Any CPU
		{AB8C703F-98D1-433F-86F2-F14F784D18F6}.Release|Mixed Platforms.ActiveCfg = Release|Any CPU
		{AB8C703F-98D1-433F-86F2-F14F784D18F6}.Release|Mixed Platforms.Build.0 = Release|Any CPU
		{AB8C703F-98D1-433F-86F2-F14F784D18F6}.Release|x86.ActiveCfg = Release|Any CPU
		{F7276DEC-1EEA-4C1C-9959-FE351DA56633}.Ad-Hoc|Any CPU.ActiveCfg = Ad-Hoc|iPhone
		{F7276DEC-1EEA-4C1C-9959-FE351DA56633}.Ad-Hoc|ARM.ActiveCfg = Ad-Hoc|iPhone
		{F7276DEC-1EEA-4C1C-9959-FE351DA56633}.Ad-Hoc|iPhone.ActiveCfg = Ad-Hoc|iPhone
		{F7276DEC-1EEA-4C1C-9959-FE351DA56633}.Ad-Hoc|iPhone.Build.0 = Ad-Hoc|iPhone
		{F7276DEC-1EEA-4C1C-9959-FE351DA56633}.Ad-Hoc|iPhoneSimulator.ActiveCfg = Ad-Hoc|iPhoneSimulator
		{F7276DEC-1EEA-4C1C-9959-FE351DA56633}.Ad-Hoc|iPhoneSimulator.Build.0 = Ad-Hoc|iPhoneSimulator
		{F7276DEC-1EEA-4C1C-9959-FE351DA56633}.Ad-Hoc|Mixed Platforms.ActiveCfg = Ad-Hoc|iPhone
		{F7276DEC-1EEA-4C1C-9959-FE351DA56633}.Ad-Hoc|Mixed Platforms.Build.0 = Ad-Hoc|iPhone
		{F7276DEC-1EEA-4C1C-9959-FE351DA56633}.Ad-Hoc|x86.ActiveCfg = Ad-Hoc|iPhone
		{F7276DEC-1EEA-4C1C-9959-FE351DA56633}.AppStore|Any CPU.ActiveCfg = AppStore|iPhone
		{F7276DEC-1EEA-4C1C-9959-FE351DA56633}.AppStore|ARM.ActiveCfg = AppStore|iPhone
		{F7276DEC-1EEA-4C1C-9959-FE351DA56633}.AppStore|iPhone.ActiveCfg = AppStore|iPhone
		{F7276DEC-1EEA-4C1C-9959-FE351DA56633}.AppStore|iPhone.Build.0 = AppStore|iPhone
		{F7276DEC-1EEA-4C1C-9959-FE351DA56633}.AppStore|iPhoneSimulator.ActiveCfg = AppStore|iPhoneSimulator
		{F7276DEC-1EEA-4C1C-9959-FE351DA56633}.AppStore|iPhoneSimulator.Build.0 = AppStore|iPhoneSimulator
		{F7276DEC-1EEA-4C1C-9959-FE351DA56633}.AppStore|Mixed Platforms.ActiveCfg = AppStore|iPhone
		{F7276DEC-1EEA-4C1C-9959-FE351DA56633}.AppStore|Mixed Platforms.Build.0 = AppStore|iPhone
		{F7276DEC-1EEA-4C1C-9959-FE351DA56633}.AppStore|x86.ActiveCfg = AppStore|iPhone
		{F7276DEC-1EEA-4C1C-9959-FE351DA56633}.Debug|Any CPU.ActiveCfg = Debug|iPhone
		{F7276DEC-1EEA-4C1C-9959-FE351DA56633}.Debug|ARM.ActiveCfg = Debug|iPhone
		{F7276DEC-1EEA-4C1C-9959-FE351DA56633}.Debug|iPhone.ActiveCfg = Debug|iPhone
		{F7276DEC-1EEA-4C1C-9959-FE351DA56633}.Debug|iPhone.Build.0 = Debug|iPhone
		{F7276DEC-1EEA-4C1C-9959-FE351DA56633}.Debug|iPhoneSimulator.ActiveCfg = Debug|iPhoneSimulator
		{F7276DEC-1EEA-4C1C-9959-FE351DA56633}.Debug|iPhoneSimulator.Build.0 = Debug|iPhoneSimulator
		{F7276DEC-1EEA-4C1C-9959-FE351DA56633}.Debug|Mixed Platforms.ActiveCfg = Debug|iPhone
		{F7276DEC-1EEA-4C1C-9959-FE351DA56633}.Debug|Mixed Platforms.Build.0 = Debug|iPhone
		{F7276DEC-1EEA-4C1C-9959-FE351DA56633}.Debug|x86.ActiveCfg = Debug|iPhone
		{F7276DEC-1EEA-4C1C-9959-FE351DA56633}.Release|Any CPU.ActiveCfg = Release|iPhone
		{F7276DEC-1EEA-4C1C-9959-FE351DA56633}.Release|ARM.ActiveCfg = Release|iPhone
		{F7276DEC-1EEA-4C1C-9959-FE351DA56633}.Release|iPhone.ActiveCfg = Release|iPhone
		{F7276DEC-1EEA-4C1C-9959-FE351DA56633}.Release|iPhone.Build.0 = Release|iPhone
		{F7276DEC-1EEA-4C1C-9959-FE351DA56633}.Release|iPhoneSimulator.ActiveCfg = Release|iPhoneSimulator
		{F7276DEC-1EEA-4C1C-9959-FE351DA56633}.Release|iPhoneSimulator.Build.0 = Release|iPhoneSimulator
		{F7276DEC-1EEA-4C1C-9959-FE351DA56633}.Release|Mixed Platforms.ActiveCfg = Release|iPhone
		{F7276DEC-1EEA-4C1C-9959-FE351DA56633}.Release|Mixed Platforms.Build.0 = Release|iPhone
		{F7276DEC-1EEA-4C1C-9959-FE351DA56633}.Release|x86.ActiveCfg = Release|iPhone
		{722915A0-D1BC-4690-804D-EBF8F14E9E24}.Ad-Hoc|Any CPU.ActiveCfg = Release|Any CPU
		{722915A0-D1BC-4690-804D-EBF8F14E9E24}.Ad-Hoc|Any CPU.Build.0 = Release|Any CPU
		{722915A0-D1BC-4690-804D-EBF8F14E9E24}.Ad-Hoc|Any CPU.Deploy.0 = Release|Any CPU
		{722915A0-D1BC-4690-804D-EBF8F14E9E24}.Ad-Hoc|ARM.ActiveCfg = Release|Any CPU
		{722915A0-D1BC-4690-804D-EBF8F14E9E24}.Ad-Hoc|iPhone.ActiveCfg = Release|Any CPU
		{722915A0-D1BC-4690-804D-EBF8F14E9E24}.Ad-Hoc|iPhoneSimulator.ActiveCfg = Release|Any CPU
		{722915A0-D1BC-4690-804D-EBF8F14E9E24}.Ad-Hoc|Mixed Platforms.ActiveCfg = Release|Any CPU
		{722915A0-D1BC-4690-804D-EBF8F14E9E24}.Ad-Hoc|Mixed Platforms.Build.0 = Release|Any CPU
		{722915A0-D1BC-4690-804D-EBF8F14E9E24}.Ad-Hoc|Mixed Platforms.Deploy.0 = Release|Any CPU
		{722915A0-D1BC-4690-804D-EBF8F14E9E24}.Ad-Hoc|x86.ActiveCfg = Release|Any CPU
		{722915A0-D1BC-4690-804D-EBF8F14E9E24}.AppStore|Any CPU.ActiveCfg = Release|Any CPU
		{722915A0-D1BC-4690-804D-EBF8F14E9E24}.AppStore|Any CPU.Build.0 = Release|Any CPU
		{722915A0-D1BC-4690-804D-EBF8F14E9E24}.AppStore|Any CPU.Deploy.0 = Release|Any CPU
		{722915A0-D1BC-4690-804D-EBF8F14E9E24}.AppStore|ARM.ActiveCfg = Release|Any CPU
		{722915A0-D1BC-4690-804D-EBF8F14E9E24}.AppStore|iPhone.ActiveCfg = Release|Any CPU
		{722915A0-D1BC-4690-804D-EBF8F14E9E24}.AppStore|iPhoneSimulator.ActiveCfg = Release|Any CPU
		{722915A0-D1BC-4690-804D-EBF8F14E9E24}.AppStore|Mixed Platforms.ActiveCfg = Release|Any CPU
		{722915A0-D1BC-4690-804D-EBF8F14E9E24}.AppStore|Mixed Platforms.Build.0 = Release|Any CPU
		{722915A0-D1BC-4690-804D-EBF8F14E9E24}.AppStore|Mixed Platforms.Deploy.0 = Release|Any CPU
		{722915A0-D1BC-4690-804D-EBF8F14E9E24}.AppStore|x86.ActiveCfg = Release|Any CPU
		{722915A0-D1BC-4690-804D-EBF8F14E9E24}.Debug|Any CPU.ActiveCfg = Debug|Any CPU
		{722915A0-D1BC-4690-804D-EBF8F14E9E24}.Debug|Any CPU.Build.0 = Debug|Any CPU
		{722915A0-D1BC-4690-804D-EBF8F14E9E24}.Debug|Any CPU.Deploy.0 = Debug|Any CPU
		{722915A0-D1BC-4690-804D-EBF8F14E9E24}.Debug|ARM.ActiveCfg = Debug|Any CPU
		{722915A0-D1BC-4690-804D-EBF8F14E9E24}.Debug|iPhone.ActiveCfg = Debug|Any CPU
		{722915A0-D1BC-4690-804D-EBF8F14E9E24}.Debug|iPhoneSimulator.ActiveCfg = Debug|Any CPU
		{722915A0-D1BC-4690-804D-EBF8F14E9E24}.Debug|Mixed Platforms.ActiveCfg = Debug|Any CPU
		{722915A0-D1BC-4690-804D-EBF8F14E9E24}.Debug|Mixed Platforms.Build.0 = Debug|Any CPU
		{722915A0-D1BC-4690-804D-EBF8F14E9E24}.Debug|Mixed Platforms.Deploy.0 = Debug|Any CPU
		{722915A0-D1BC-4690-804D-EBF8F14E9E24}.Debug|x86.ActiveCfg = Debug|Any CPU
		{722915A0-D1BC-4690-804D-EBF8F14E9E24}.Release|Any CPU.ActiveCfg = Release|Any CPU
		{722915A0-D1BC-4690-804D-EBF8F14E9E24}.Release|Any CPU.Build.0 = Release|Any CPU
		{722915A0-D1BC-4690-804D-EBF8F14E9E24}.Release|Any CPU.Deploy.0 = Release|Any CPU
		{722915A0-D1BC-4690-804D-EBF8F14E9E24}.Release|ARM.ActiveCfg = Release|Any CPU
		{722915A0-D1BC-4690-804D-EBF8F14E9E24}.Release|iPhone.ActiveCfg = Release|Any CPU
		{722915A0-D1BC-4690-804D-EBF8F14E9E24}.Release|iPhoneSimulator.ActiveCfg = Release|Any CPU
		{722915A0-D1BC-4690-804D-EBF8F14E9E24}.Release|Mixed Platforms.ActiveCfg = Release|Any CPU
		{722915A0-D1BC-4690-804D-EBF8F14E9E24}.Release|Mixed Platforms.Build.0 = Release|Any CPU
		{722915A0-D1BC-4690-804D-EBF8F14E9E24}.Release|Mixed Platforms.Deploy.0 = Release|Any CPU
		{722915A0-D1BC-4690-804D-EBF8F14E9E24}.Release|x86.ActiveCfg = Release|Any CPU
		{2D6ECE8A-2611-44B0-960D-A6335A2D106D}.Ad-Hoc|Any CPU.ActiveCfg = Release|Any CPU
		{2D6ECE8A-2611-44B0-960D-A6335A2D106D}.Ad-Hoc|Any CPU.Build.0 = Release|Any CPU
		{2D6ECE8A-2611-44B0-960D-A6335A2D106D}.Ad-Hoc|Any CPU.Deploy.0 = Release|Any CPU
		{2D6ECE8A-2611-44B0-960D-A6335A2D106D}.Ad-Hoc|ARM.ActiveCfg = Release|ARM
		{2D6ECE8A-2611-44B0-960D-A6335A2D106D}.Ad-Hoc|ARM.Build.0 = Release|ARM
		{2D6ECE8A-2611-44B0-960D-A6335A2D106D}.Ad-Hoc|ARM.Deploy.0 = Release|ARM
		{2D6ECE8A-2611-44B0-960D-A6335A2D106D}.Ad-Hoc|iPhone.ActiveCfg = Release|Any CPU
		{2D6ECE8A-2611-44B0-960D-A6335A2D106D}.Ad-Hoc|iPhoneSimulator.ActiveCfg = Release|Any CPU
		{2D6ECE8A-2611-44B0-960D-A6335A2D106D}.Ad-Hoc|Mixed Platforms.ActiveCfg = Release|x86
		{2D6ECE8A-2611-44B0-960D-A6335A2D106D}.Ad-Hoc|Mixed Platforms.Build.0 = Release|x86
		{2D6ECE8A-2611-44B0-960D-A6335A2D106D}.Ad-Hoc|Mixed Platforms.Deploy.0 = Release|x86
		{2D6ECE8A-2611-44B0-960D-A6335A2D106D}.Ad-Hoc|x86.ActiveCfg = Release|x86
		{2D6ECE8A-2611-44B0-960D-A6335A2D106D}.Ad-Hoc|x86.Build.0 = Release|x86
		{2D6ECE8A-2611-44B0-960D-A6335A2D106D}.Ad-Hoc|x86.Deploy.0 = Release|x86
		{2D6ECE8A-2611-44B0-960D-A6335A2D106D}.AppStore|Any CPU.ActiveCfg = Release|Any CPU
		{2D6ECE8A-2611-44B0-960D-A6335A2D106D}.AppStore|Any CPU.Build.0 = Release|Any CPU
		{2D6ECE8A-2611-44B0-960D-A6335A2D106D}.AppStore|Any CPU.Deploy.0 = Release|Any CPU
		{2D6ECE8A-2611-44B0-960D-A6335A2D106D}.AppStore|ARM.ActiveCfg = Release|ARM
		{2D6ECE8A-2611-44B0-960D-A6335A2D106D}.AppStore|ARM.Build.0 = Release|ARM
		{2D6ECE8A-2611-44B0-960D-A6335A2D106D}.AppStore|ARM.Deploy.0 = Release|ARM
		{2D6ECE8A-2611-44B0-960D-A6335A2D106D}.AppStore|iPhone.ActiveCfg = Release|Any CPU
		{2D6ECE8A-2611-44B0-960D-A6335A2D106D}.AppStore|iPhoneSimulator.ActiveCfg = Release|Any CPU
		{2D6ECE8A-2611-44B0-960D-A6335A2D106D}.AppStore|Mixed Platforms.ActiveCfg = Release|x86
		{2D6ECE8A-2611-44B0-960D-A6335A2D106D}.AppStore|Mixed Platforms.Build.0 = Release|x86
		{2D6ECE8A-2611-44B0-960D-A6335A2D106D}.AppStore|Mixed Platforms.Deploy.0 = Release|x86
		{2D6ECE8A-2611-44B0-960D-A6335A2D106D}.AppStore|x86.ActiveCfg = Release|x86
		{2D6ECE8A-2611-44B0-960D-A6335A2D106D}.AppStore|x86.Build.0 = Release|x86
		{2D6ECE8A-2611-44B0-960D-A6335A2D106D}.AppStore|x86.Deploy.0 = Release|x86
		{2D6ECE8A-2611-44B0-960D-A6335A2D106D}.Debug|Any CPU.ActiveCfg = Debug|Any CPU
		{2D6ECE8A-2611-44B0-960D-A6335A2D106D}.Debug|Any CPU.Build.0 = Debug|Any CPU
		{2D6ECE8A-2611-44B0-960D-A6335A2D106D}.Debug|Any CPU.Deploy.0 = Debug|Any CPU
		{2D6ECE8A-2611-44B0-960D-A6335A2D106D}.Debug|ARM.ActiveCfg = Debug|ARM
		{2D6ECE8A-2611-44B0-960D-A6335A2D106D}.Debug|ARM.Build.0 = Debug|ARM
		{2D6ECE8A-2611-44B0-960D-A6335A2D106D}.Debug|ARM.Deploy.0 = Debug|ARM
		{2D6ECE8A-2611-44B0-960D-A6335A2D106D}.Debug|iPhone.ActiveCfg = Debug|Any CPU
		{2D6ECE8A-2611-44B0-960D-A6335A2D106D}.Debug|iPhoneSimulator.ActiveCfg = Debug|Any CPU
		{2D6ECE8A-2611-44B0-960D-A6335A2D106D}.Debug|Mixed Platforms.ActiveCfg = Debug|x86
		{2D6ECE8A-2611-44B0-960D-A6335A2D106D}.Debug|Mixed Platforms.Build.0 = Debug|x86
		{2D6ECE8A-2611-44B0-960D-A6335A2D106D}.Debug|Mixed Platforms.Deploy.0 = Debug|x86
		{2D6ECE8A-2611-44B0-960D-A6335A2D106D}.Debug|x86.ActiveCfg = Debug|x86
		{2D6ECE8A-2611-44B0-960D-A6335A2D106D}.Debug|x86.Build.0 = Debug|x86
		{2D6ECE8A-2611-44B0-960D-A6335A2D106D}.Debug|x86.Deploy.0 = Debug|x86
		{2D6ECE8A-2611-44B0-960D-A6335A2D106D}.Release|Any CPU.ActiveCfg = Release|Any CPU
		{2D6ECE8A-2611-44B0-960D-A6335A2D106D}.Release|Any CPU.Build.0 = Release|Any CPU
		{2D6ECE8A-2611-44B0-960D-A6335A2D106D}.Release|Any CPU.Deploy.0 = Release|Any CPU
		{2D6ECE8A-2611-44B0-960D-A6335A2D106D}.Release|ARM.ActiveCfg = Release|ARM
		{2D6ECE8A-2611-44B0-960D-A6335A2D106D}.Release|ARM.Build.0 = Release|ARM
		{2D6ECE8A-2611-44B0-960D-A6335A2D106D}.Release|ARM.Deploy.0 = Release|ARM
		{2D6ECE8A-2611-44B0-960D-A6335A2D106D}.Release|iPhone.ActiveCfg = Release|Any CPU
		{2D6ECE8A-2611-44B0-960D-A6335A2D106D}.Release|iPhoneSimulator.ActiveCfg = Release|Any CPU
		{2D6ECE8A-2611-44B0-960D-A6335A2D106D}.Release|Mixed Platforms.ActiveCfg = Release|x86
		{2D6ECE8A-2611-44B0-960D-A6335A2D106D}.Release|Mixed Platforms.Build.0 = Release|x86
		{2D6ECE8A-2611-44B0-960D-A6335A2D106D}.Release|Mixed Platforms.Deploy.0 = Release|x86
		{2D6ECE8A-2611-44B0-960D-A6335A2D106D}.Release|x86.ActiveCfg = Release|x86
		{2D6ECE8A-2611-44B0-960D-A6335A2D106D}.Release|x86.Build.0 = Release|x86
		{2D6ECE8A-2611-44B0-960D-A6335A2D106D}.Release|x86.Deploy.0 = Release|x86
	EndGlobalSection
	GlobalSection(SolutionProperties) = preSolution
		HideSolutionNode = FALSE
	EndGlobalSection
EndGlobal
